{
  "nodes": {
    "gcc16-nixpkgs": {
      "locked": {
        "lastModified": 1778200158,
        "narHash": "sha256-eaymG35ywDe+uLd37Lyt0JcDrz09x+UoFJL9b6k1REs=",
        "owner": "sempiternal-aurora",
        "repo": "nixpkgs",
        "rev": "ebb08a80cf044c127bc6a85ce51e2abf1219febe",
        "type": "github"
      },
      "original": {
        "owner": "sempiternal-aurora",
        "repo": "nixpkgs",
        "rev": "ebb08a80cf044c127bc6a85ce51e2abf1219febe",
        "type": "github"
      }
    },
    "nixpkgs": {
      "locked": {
        "lastModified": 1779560665,
        "narHash": "sha256-tpyBcxPpcQb8ukyNF7DoCwfSY3VPsxHoYwj00Cayv5o=",
        "owner": "NixOS",
        "repo": "nixpkgs",
        "rev": "64c08a7ca051951c8eae34e3e3cb1e202fe36786",
        "type": "github"
      },
      "original": {
        "owner": "NixOS",
        "ref": "nixos-unstable",
        "repo": "nixpkgs",
        "type": "github"
      }
    },
    "root": {
      "inputs": {
        "gcc16-nixpkgs": "gcc16-nixpkgs",
        "nixpkgs": "nixpkgs"
      }
    }
  },
  "root": "root",
  "version": 7
}
