{
  "nodes": {
    "goodnet": {
      "inputs": {
        "nixpkgs": "nixpkgs"
      },
      "locked": {
        "dir": "nix/kernel-only",
        "dirtyRev": "13ede3436d1c335c931cffe3a2078a602828179f-dirty",
        "dirtyShortRev": "13ede34-dirty",
        "lastModified": 1778043712,
        "narHash": "sha256-f9thIwM09gIdX2sTsGWoLOjjeWFhJ1bpKEDomE8vWBg=",
        "type": "git",
        "url": "file:../../.."
      },
      "original": {
        "dir": "nix/kernel-only",
        "type": "git",
        "url": "file:../../.."
      }
    },
    "nixpkgs": {
      "locked": {
        "lastModified": 1777954456,
        "narHash": "sha256-hGdgeU2Nk87RAuZyYjyDjFL6LK7dAZN5RE9+hrDTkDU=",
        "owner": "NixOS",
        "repo": "nixpkgs",
        "rev": "549bd84d6279f9852cae6225e372cc67fb91a4c1",
        "type": "github"
      },
      "original": {
        "owner": "NixOS",
        "ref": "nixos-unstable",
        "repo": "nixpkgs",
        "type": "github"
      }
    },
    "root": {
      "inputs": {
        "goodnet": "goodnet",
        "nixpkgs": [
          "goodnet",
          "nixpkgs"
        ]
      }
    }
  },
  "root": "root",
  "version": 7
}
